
Microsoft Visual Studio Solution File, Format Version 12.00
# Visual Studio Version 16
VisualStudioVersion = 16.0.30804.86
MinimumVisualStudioVersion = 10.0.40219.1
Project("{9A19103F-16F7-4668-BE54-9A1E7A4F7556}") = "ISU_CORP_Angular", "ISU_CORP_Angular\ISU_CORP_Angular.csproj", "{85F0FA46-5B23-4642-A62C-29B68C27E9B3}"
EndProject
Project("{2150E333-8FDC-42A3-9474-1A3956D46DE8}") = "Solution Items", "Solution Items", "{4E500F91-B02B-4F6D-9B3D-04E1EDBF26E7}"
	ProjectSection(SolutionItems) = preProject
		.filenesting.json = .filenesting.json
	EndProjectSection
EndProject
Global
	GlobalSection(SolutionConfigurationPlatforms) = preSolution
		Debug|Any CPU = Debug|Any CPU
		Release|Any CPU = Release|Any CPU
	EndGlobalSection
	GlobalSection(ProjectConfigurationPlatforms) = postSolution
		{85F0FA46-5B23-4642-A62C-29B68C27E9B3}.Debug|Any CPU.ActiveCfg = Debug|Any CPU
		{85F0FA46-5B23-4642-A62C-29B68C27E9B3}.Debug|Any CPU.Build.0 = Debug|Any CPU
		{85F0FA46-5B23-4642-A62C-29B68C27E9B3}.Release|Any CPU.ActiveCfg = Release|Any CPU
		{85F0FA46-5B23-4642-A62C-29B68C27E9B3}.Release|Any CPU.Build.0 = Release|Any CPU
	EndGlobalSection
	GlobalSection(SolutionProperties) = preSolution
		HideSolutionNode = FALSE
	EndGlobalSection
	GlobalSection(ExtensibilityGlobals) = postSolution
		SolutionGuid = {FBB37A93-F5A1-4104-833C-10498C575A3A}
	EndGlobalSection
EndGlobal
