{
  "requires": true,
  "lockfileVersion": 1,
  "dependencies": {
    "angular-ng-autocomplete": {
      "version": "2.0.1",
      "resolved": "https://registry.npmjs.org/angular-ng-autocomplete/-/angular-ng-autocomplete-2.0.1.tgz",
      "integrity": "sha512-IlKrUeMM6V0/ipnlXF5WluiWmav7eiIlZWtEoch6eXUGylYCHGNdwRO4Kb2snMQuY/6Kv6tDbRFT51Tihd3JwQ=="
    }
  }
}
